
Microsoft Visual Studio Solution File, Format Version 12.00
# Visual Studio 2012
Project("{FAE04EC0-301F-11D3-BF4B-00C04F79EFBC}") = "ProjectSpring", "RunningGame\ProjectSpring.csproj", "{7055E401-08AF-4F31-AF90-23E175876DCF}"
EndProject
Global
	GlobalSection(SolutionConfigurationPlatforms) = preSolution
		Debug|Any CPU = Debug|Any CPU
		Release|Any CPU = Release|Any CPU
	EndGlobalSection
	GlobalSection(ProjectConfigurationPlatforms) = postSolution
		{7055E401-08AF-4F31-AF90-23E175876DCF}.Debug|Any CPU.ActiveCfg = Release|Any CPU
		{7055E401-08AF-4F31-AF90-23E175876DCF}.Debug|Any CPU.Build.0 = Release|Any CPU
		{7055E401-08AF-4F31-AF90-23E175876DCF}.Release|Any CPU.ActiveCfg = Release|Any CPU
		{7055E401-08AF-4F31-AF90-23E175876DCF}.Release|Any CPU.Build.0 = Release|Any CPU
	EndGlobalSection
	GlobalSection(SolutionProperties) = preSolution
		HideSolutionNode = FALSE
	EndGlobalSection
EndGlobal
